PODS:
  - Alamofire (4.9.1)
  - BSImagePicker (3.2.0)
  - DropDown (2.3.13)
  - Firebase/Analytics (6.25.0):
    - Firebase/Core
  - Firebase/Core (6.25.0):
    - Firebase/CoreOnly
    - FirebaseAnalytics (= 6.5.1)
  - Firebase/CoreOnly (6.25.0):
    - FirebaseCore (= 6.7.1)
  - Firebase/Crashlytics (6.25.0):
    - Firebase/CoreOnly
    - FirebaseCrashlytics (~> 4.1.0)
  - FirebaseAnalytics (6.5.1):
    - FirebaseCore (~> 6.7)
    - FirebaseInstallations (~> 1.2)
    - GoogleAppMeasurement (= 6.5.1)
    - GoogleUtilities/AppDelegateSwizzler (~> 6.0)
    - GoogleUtilities/MethodSwizzler (~> 6.0)
    - GoogleUtilities/Network (~> 6.0)
    - "GoogleUtilities/NSData+zlib (~> 6.0)"
    - nanopb (~> 1.30905.0)
  - FirebaseAnalyticsInterop (1.5.0)
  - FirebaseCore (6.7.1):
    - FirebaseCoreDiagnostics (~> 1.3)
    - FirebaseCoreDiagnosticsInterop (~> 1.2)
    - GoogleUtilities/Environment (~> 6.5)
    - GoogleUtilities/Logger (~> 6.5)
  - FirebaseCoreDiagnostics (1.3.0):
    - FirebaseCoreDiagnosticsInterop (~> 1.2)
    - GoogleDataTransportCCTSupport (~> 3.1)
    - GoogleUtilities/Environment (~> 6.5)
    - GoogleUtilities/Logger (~> 6.5)
    - nanopb (~> 1.30905.0)
  - FirebaseCoreDiagnosticsInterop (1.2.0)
  - FirebaseCrashlytics (4.1.1):
    - FirebaseAnalyticsInterop (~> 1.2)
    - FirebaseCore (~> 6.6)
    - FirebaseInstallations (~> 1.1)
    - GoogleDataTransport (~> 6.1)
    - GoogleDataTransportCCTSupport (~> 3.1)
    - nanopb (~> 1.30905.0)
    - PromisesObjC (~> 1.2)
  - FirebaseInstallations (1.2.0):
    - FirebaseCore (~> 6.6)
    - GoogleUtilities/Environment (~> 6.6)
    - GoogleUtilities/UserDefaults (~> 6.6)
    - PromisesObjC (~> 1.2)
  - GoogleAppMeasurement (6.5.1):
    - GoogleUtilities/AppDelegateSwizzler (~> 6.0)
    - GoogleUtilities/MethodSwizzler (~> 6.0)
    - GoogleUtilities/Network (~> 6.0)
    - "GoogleUtilities/NSData+zlib (~> 6.0)"
    - nanopb (~> 1.30905.0)
  - GoogleDataTransport (6.1.1)
  - GoogleDataTransportCCTSupport (3.1.0):
    - GoogleDataTransport (~> 6.1)
    - nanopb (~> 1.30905.0)
  - GoogleUtilities/AppDelegateSwizzler (6.6.0):
    - GoogleUtilities/Environment
    - GoogleUtilities/Logger
    - GoogleUtilities/Network
  - GoogleUtilities/Environment (6.6.0):
    - PromisesObjC (~> 1.2)
  - GoogleUtilities/Logger (6.6.0):
    - GoogleUtilities/Environment
  - GoogleUtilities/MethodSwizzler (6.6.0):
    - GoogleUtilities/Logger
  - GoogleUtilities/Network (6.6.0):
    - GoogleUtilities/Logger
    - "GoogleUtilities/NSData+zlib"
    - GoogleUtilities/Reachability
  - "GoogleUtilities/NSData+zlib (6.6.0)"
  - GoogleUtilities/Reachability (6.6.0):
    - GoogleUtilities/Logger
  - GoogleUtilities/UserDefaults (6.6.0):
    - GoogleUtilities/Logger
  - Hakawai (7.2.1):
    - Hakawai/Core (= 7.2.1)
    - Hakawai/Mentions (= 7.2.1)
  - Hakawai/Core (7.2.1)
  - Hakawai/Mentions (7.2.1):
    - Hakawai/Core
  - ImageCropper (0.1.4)
  - JJFloatingActionButton (2.5.0)
  - KMPlaceholderTextView (1.4.0)
  - nanopb (1.30905.0):
    - nanopb/decode (= 1.30905.0)
    - nanopb/encode (= 1.30905.0)
  - nanopb/decode (1.30905.0)
  - nanopb/encode (1.30905.0)
  - ObjectMapper (4.1.0)
  - OTPTextField (1.1.2)
  - PaddingLabel (1.2)
  - PromisesObjC (1.2.8)
  - SDWebImage (5.8.0):
    - SDWebImage/Core (= 5.8.0)
  - SDWebImage/Core (5.8.0)
  - SVPinView (1.0.8)
  - SwiftPhotoGallery (3.4.1)
  - TPKeyboardAvoiding (1.3.3)
  - WMSegmentControl (0.1.15)

DEPENDENCIES:
  - Alamofire (~> 4.0)
  - BSImagePicker (~> 3.1)
  - DropDown
  - Firebase/Analytics
  - Firebase/Crashlytics
  - Hakawai
  - ImageCropper
  - JJFloatingActionButton
  - KMPlaceholderTextView
  - ObjectMapper
  - OTPTextField
  - PaddingLabel
  - SDWebImage
  - SVPinView
  - SwiftPhotoGallery
  - TPKeyboardAvoiding
  - WMSegmentControl

SPEC REPOS:
  trunk:
    - Alamofire
    - BSImagePicker
    - DropDown
    - Firebase
    - FirebaseAnalytics
    - FirebaseAnalyticsInterop
    - FirebaseCore
    - FirebaseCoreDiagnostics
    - FirebaseCoreDiagnosticsInterop
    - FirebaseCrashlytics
    - FirebaseInstallations
    - GoogleAppMeasurement
    - GoogleDataTransport
    - GoogleDataTransportCCTSupport
    - GoogleUtilities
    - Hakawai
    - ImageCropper
    - JJFloatingActionButton
    - KMPlaceholderTextView
    - nanopb
    - ObjectMapper
    - OTPTextField
    - PaddingLabel
    - PromisesObjC
    - SDWebImage
    - SVPinView
    - SwiftPhotoGallery
    - TPKeyboardAvoiding
    - WMSegmentControl

SPEC CHECKSUMS:
  Alamofire: 85e8a02c69d6020a0d734f6054870d7ecb75cf18
  BSImagePicker: 1c0d14fa6f1b55380cd49cbebe47584f10e180c6
  DropDown: 8a2116376c1981888557f72ec2ffc9a5e0e456ec
  Firebase: 5719b4f965f76643241a1bb8244483ff6117db39
  FirebaseAnalytics: 93565f3f0f0f50a5d8770850bfe6a82eaba5db27
  FirebaseAnalyticsInterop: 3f86269c38ae41f47afeb43ebf32a001f58fcdae
  FirebaseCore: 6023faeada5afa95a349fccafb40900e32e9ac42
  FirebaseCoreDiagnostics: 4a773a47bd83bbd5a9b1ccf1ce7caa8b2d535e67
  FirebaseCoreDiagnosticsInterop: 296e2c5f5314500a850ad0b83e9e7c10b011a850
  FirebaseCrashlytics: a87cce5746d3335995bd18b1b60d073cd05a6920
  FirebaseInstallations: 2119fb3e46b0a88bfdbf12562f855ee3252462fa
  GoogleAppMeasurement: 137afe68bfa406c3f4221b9395253d9e5d4654cf
  GoogleDataTransport: ad884314b81cdb808fb1d23787b367ff8da4e28a
  GoogleDataTransportCCTSupport: d70a561f7d236af529fee598835caad5e25f6d3d
  GoogleUtilities: 39530bc0ad980530298e9c4af8549e991fd033b1
  Hakawai: 22a1b34b9062fbe59005e4a81ce197a14ef56ecd
  ImageCropper: 7ca8e4aeabc5c46cdad9a7547d661535de4b5292
  JJFloatingActionButton: fdc3aefb0f28f04d0f988fa25d5fac97028a9ea7
  KMPlaceholderTextView: 2206c3df39979e9396e2d96fa9f427a8951121b0
  nanopb: c43f40fadfe79e8b8db116583945847910cbabc9
  ObjectMapper: 822c1d073f5eeeeca3568698a7a6c0e59f7135c4
  OTPTextField: 40130474e5fc0ac07782fa0bed346c9e81854e1d
  PaddingLabel: 21ab5282c780366018b04c30e3920c2f55a2fd14
  PromisesObjC: c119f3cd559f50b7ae681fa59dc1acd19173b7e6
  SDWebImage: 84000f962cbfa70c07f19d2234cbfcf5d779b5dc
  SVPinView: 3194be48b8275805244486590b82e6da14d23ca6
  SwiftPhotoGallery: 795b79e2596beb160fb978e232603da0811006ce
  TPKeyboardAvoiding: 6dd3fe3268b8f2627beb7ff3d82a3cacbdf66a36
  WMSegmentControl: 573b8175545c1342fca7c2494c0bf93aa0a98454

PODFILE CHECKSUM: 3c893d6db1c174db7a918ac6ff16ff22d28f4d4a

COCOAPODS: 1.8.4
